PackratFormat: 1.4
PackratVersion: 0.4.8.1
RVersion: 3.3.0
Repos: CRAN=https://cran.rstudio.com/

Package: BH
Source: CRAN
Version: 1.60.0-2
Hash: be2967bcff307e561d9ba17faf03205c

Package: DBI
Source: CRAN
Version: 0.5-1
Hash: 375869004db963f9915f2b8a49b4a718

Package: R6
Source: CRAN
Version: 2.1.3
Hash: 1a8313c9df76d2a06aa27c13a4a71c73

Package: Rcpp
Source: CRAN
Version: 0.12.7
Hash: f0ba7322cfb66f1b563462faa9c2b2ab

Package: assertthat
Source: CRAN
Version: 0.1
Hash: 0afb92b59b02593c70ff8046700ba9d3

Package: dplyr
Source: CRAN
Version: 0.5.0
Hash: 03e5e71801c0f49217922e2cd4680f06
Requires: BH, DBI, R6, Rcpp, assertthat, lazyeval, magrittr, tibble

Package: lazyeval
Source: CRAN
Version: 0.2.0
Hash: 3d6e7608e65bbf5cb170dab1e3c9ed8b

Package: magrittr
Source: CRAN
Version: 1.5
Hash: bdc4d48c3135e8f3b399536ddf160df4

Package: packrat
Source: CRAN
Version: 0.4.8-1
Hash: 6ad605ba7b4b476d84be6632393f5765

Package: tibble
Source: CRAN
Version: 1.2
Hash: 3b35b556ef7acddb0d28fe6a27ad50e4
Requires: Rcpp, assertthat, lazyeval
